
Microsoft Visual Studio Solution File, Format Version 12.00
Project("{FAE04EC0-301F-11D3-BF4B-00C04F79EFBC}") = "AutoApi", "AutoApi\AutoApi.csproj", "{34FE5961-D56A-4AFE-B2C3-59977ACC146F}"
EndProject
Project("{FAE04EC0-301F-11D3-BF4B-00C04F79EFBC}") = "AutoApi.SourceGenerator", "AutoApi.SourceGenerator\AutoApi.SourceGenerator.csproj", "{CC862143-0FBD-4B14-BC66-8E0659C1CA8F}"
EndProject
Project("{FAE04EC0-301F-11D3-BF4B-00C04F79EFBC}") = "AutoApi.Sample", "AutoApi.Sample\AutoApi.Sample.csproj", "{7BDA4D1F-2D6B-4749-87CF-2712CA91CD95}"
EndProject
Global
	GlobalSection(SolutionConfigurationPlatforms) = preSolution
		Debug|Any CPU = Debug|Any CPU
		Release|Any CPU = Release|Any CPU
	EndGlobalSection
	GlobalSection(ProjectConfigurationPlatforms) = postSolution
		{34FE5961-D56A-4AFE-B2C3-59977ACC146F}.Debug|Any CPU.ActiveCfg = Debug|Any CPU
		{34FE5961-D56A-4AFE-B2C3-59977ACC146F}.Debug|Any CPU.Build.0 = Debug|Any CPU
		{34FE5961-D56A-4AFE-B2C3-59977ACC146F}.Release|Any CPU.ActiveCfg = Release|Any CPU
		{34FE5961-D56A-4AFE-B2C3-59977ACC146F}.Release|Any CPU.Build.0 = Release|Any CPU
		{CC862143-0FBD-4B14-BC66-8E0659C1CA8F}.Debug|Any CPU.ActiveCfg = Debug|Any CPU
		{CC862143-0FBD-4B14-BC66-8E0659C1CA8F}.Debug|Any CPU.Build.0 = Debug|Any CPU
		{CC862143-0FBD-4B14-BC66-8E0659C1CA8F}.Release|Any CPU.ActiveCfg = Release|Any CPU
		{CC862143-0FBD-4B14-BC66-8E0659C1CA8F}.Release|Any CPU.Build.0 = Release|Any CPU
		{7BDA4D1F-2D6B-4749-87CF-2712CA91CD95}.Debug|Any CPU.ActiveCfg = Debug|Any CPU
		{7BDA4D1F-2D6B-4749-87CF-2712CA91CD95}.Debug|Any CPU.Build.0 = Debug|Any CPU
		{7BDA4D1F-2D6B-4749-87CF-2712CA91CD95}.Release|Any CPU.ActiveCfg = Release|Any CPU
		{7BDA4D1F-2D6B-4749-87CF-2712CA91CD95}.Release|Any CPU.Build.0 = Release|Any CPU
	EndGlobalSection
EndGlobal
