
Microsoft Visual Studio Solution File, Format Version 12.00
Project("{FAE04EC0-301F-11D3-BF4B-00C04F79EFBC}") = "AutoApi.Core", "AutoApi.Core\AutoApi.Core.csproj", "{46D64579-707B-43D1-8234-A550A9D05E80}"
EndProject
Project("{FAE04EC0-301F-11D3-BF4B-00C04F79EFBC}") = "AutoApi.SourceGenerator", "AutoApi.SourceGenerator\AutoApi.SourceGenerator.csproj", "{1437B007-455D-41E7-AD40-A6F4874BEB38}"
EndProject
Project("{FAE04EC0-301F-11D3-BF4B-00C04F79EFBC}") = "AutoApi.Sample", "AutoApi.Sample\AutoApi.Sample.csproj", "{FA630AA6-EFF3-4B4F-99A8-BAA265E7F810}"
EndProject
Project("{FAE04EC0-301F-11D3-BF4B-00C04F79EFBC}") = "AutoApi.SourceGenerator.Tests", "AutoApi.SourceGenerator.Tests\AutoApi.SourceGenerator.Tests.csproj", "{40B17C54-FAD6-4138-BCBC-A4F378F0590D}"
EndProject
Global
	GlobalSection(SolutionConfigurationPlatforms) = preSolution
		Debug|Any CPU = Debug|Any CPU
		Release|Any CPU = Release|Any CPU
	EndGlobalSection
	GlobalSection(ProjectConfigurationPlatforms) = postSolution
		{46D64579-707B-43D1-8234-A550A9D05E80}.Debug|Any CPU.ActiveCfg = Debug|Any CPU
		{46D64579-707B-43D1-8234-A550A9D05E80}.Debug|Any CPU.Build.0 = Debug|Any CPU
		{46D64579-707B-43D1-8234-A550A9D05E80}.Release|Any CPU.ActiveCfg = Release|Any CPU
		{46D64579-707B-43D1-8234-A550A9D05E80}.Release|Any CPU.Build.0 = Release|Any CPU
		{1437B007-455D-41E7-AD40-A6F4874BEB38}.Debug|Any CPU.ActiveCfg = Debug|Any CPU
		{1437B007-455D-41E7-AD40-A6F4874BEB38}.Debug|Any CPU.Build.0 = Debug|Any CPU
		{1437B007-455D-41E7-AD40-A6F4874BEB38}.Release|Any CPU.ActiveCfg = Release|Any CPU
		{1437B007-455D-41E7-AD40-A6F4874BEB38}.Release|Any CPU.Build.0 = Release|Any CPU
		{FA630AA6-EFF3-4B4F-99A8-BAA265E7F810}.Debug|Any CPU.ActiveCfg = Debug|Any CPU
		{FA630AA6-EFF3-4B4F-99A8-BAA265E7F810}.Debug|Any CPU.Build.0 = Debug|Any CPU
		{FA630AA6-EFF3-4B4F-99A8-BAA265E7F810}.Release|Any CPU.ActiveCfg = Release|Any CPU
		{FA630AA6-EFF3-4B4F-99A8-BAA265E7F810}.Release|Any CPU.Build.0 = Release|Any CPU
		{40B17C54-FAD6-4138-BCBC-A4F378F0590D}.Debug|Any CPU.ActiveCfg = Debug|Any CPU
		{40B17C54-FAD6-4138-BCBC-A4F378F0590D}.Debug|Any CPU.Build.0 = Debug|Any CPU
		{40B17C54-FAD6-4138-BCBC-A4F378F0590D}.Release|Any CPU.ActiveCfg = Release|Any CPU
		{40B17C54-FAD6-4138-BCBC-A4F378F0590D}.Release|Any CPU.Build.0 = Release|Any CPU
	EndGlobalSection
EndGlobal
